
Microsoft Visual Studio Solution File, Format Version 12.00
# Visual Studio Version 16
VisualStudioVersion = 16.0.29102.190
MinimumVisualStudioVersion = 10.0.40219.1
Project("{2150E333-8FDC-42A3-9474-1A3956D46DE8}") = "DevOps", "DevOps", "{BDC86884-4D8A-4D2F-ADA3-C8C27A2A01BF}"
	ProjectSection(SolutionItems) = preProject
		..\azure-pipelines.yml = ..\azure-pipelines.yml
	EndProjectSection
EndProject
Project("{2150E333-8FDC-42A3-9474-1A3956D46DE8}") = "CosmosDb.Extensions", "CosmosDb.Extensions", "{49894748-0D71-4BA8-A17E-F346E5036130}"
EndProject
Project("{9A19103F-16F7-4668-BE54-9A1E7A4F7556}") = "Corvus.Extensions.CosmosClient", "Corvus.Extensions.CosmosClient\Corvus.Extensions.CosmosClient.csproj", "{331E5D3A-8F7A-4E87-94CF-D73A6B327A5C}"
EndProject
Project("{9A19103F-16F7-4668-BE54-9A1E7A4F7556}") = "Corvus.Extensions.CosmosClient.Specs", "Corvus.Extensions.CosmosClient.Specs\Corvus.Extensions.CosmosClient.Specs.csproj", "{1EB1E15D-E243-4BE4-8AF9-7394EEE500BA}"
EndProject
Project("{9A19103F-16F7-4668-BE54-9A1E7A4F7556}") = "Corvus.SpecFlow.Extensions.CosmosClient", "Corvus.SpecFlow.Extensions.CosmosClient\Corvus.SpecFlow.Extensions.CosmosClient.csproj", "{02BA547F-1594-4998-95CB-F2133253A3D0}"
EndProject
Project("{2150E333-8FDC-42A3-9474-1A3956D46DE8}") = "Solution Items", "Solution Items", "{A591B8CE-6268-4312-9BDE-586CDC851909}"
	ProjectSection(SolutionItems) = preProject
		.editorconfig = .editorconfig
		Common.GitHub.proj = Common.GitHub.proj
		Common.NetStandard_2_0.proj = Common.NetStandard_2_0.proj
		Common.NuGet.proj = Common.NuGet.proj
		Directory.build.props = Directory.build.props
		Directory.build.targets = Directory.build.targets
		StyleCop.ruleset = StyleCop.ruleset
	EndProjectSection
EndProject
Global
	GlobalSection(SolutionConfigurationPlatforms) = preSolution
		Debug|Any CPU = Debug|Any CPU
		Release|Any CPU = Release|Any CPU
	EndGlobalSection
	GlobalSection(ProjectConfigurationPlatforms) = postSolution
		{331E5D3A-8F7A-4E87-94CF-D73A6B327A5C}.Debug|Any CPU.ActiveCfg = Debug|Any CPU
		{331E5D3A-8F7A-4E87-94CF-D73A6B327A5C}.Debug|Any CPU.Build.0 = Debug|Any CPU
		{331E5D3A-8F7A-4E87-94CF-D73A6B327A5C}.Release|Any CPU.ActiveCfg = Release|Any CPU
		{331E5D3A-8F7A-4E87-94CF-D73A6B327A5C}.Release|Any CPU.Build.0 = Release|Any CPU
		{1EB1E15D-E243-4BE4-8AF9-7394EEE500BA}.Debug|Any CPU.ActiveCfg = Debug|Any CPU
		{1EB1E15D-E243-4BE4-8AF9-7394EEE500BA}.Debug|Any CPU.Build.0 = Debug|Any CPU
		{1EB1E15D-E243-4BE4-8AF9-7394EEE500BA}.Release|Any CPU.ActiveCfg = Release|Any CPU
		{1EB1E15D-E243-4BE4-8AF9-7394EEE500BA}.Release|Any CPU.Build.0 = Release|Any CPU
		{02BA547F-1594-4998-95CB-F2133253A3D0}.Debug|Any CPU.ActiveCfg = Debug|Any CPU
		{02BA547F-1594-4998-95CB-F2133253A3D0}.Debug|Any CPU.Build.0 = Debug|Any CPU
		{02BA547F-1594-4998-95CB-F2133253A3D0}.Release|Any CPU.ActiveCfg = Release|Any CPU
		{02BA547F-1594-4998-95CB-F2133253A3D0}.Release|Any CPU.Build.0 = Release|Any CPU
	EndGlobalSection
	GlobalSection(SolutionProperties) = preSolution
		HideSolutionNode = FALSE
	EndGlobalSection
	GlobalSection(NestedProjects) = preSolution
		{331E5D3A-8F7A-4E87-94CF-D73A6B327A5C} = {49894748-0D71-4BA8-A17E-F346E5036130}
		{1EB1E15D-E243-4BE4-8AF9-7394EEE500BA} = {49894748-0D71-4BA8-A17E-F346E5036130}
		{02BA547F-1594-4998-95CB-F2133253A3D0} = {49894748-0D71-4BA8-A17E-F346E5036130}
	EndGlobalSection
	GlobalSection(ExtensibilityGlobals) = postSolution
		SolutionGuid = {C2FE6918-F86F-4AAC-BC28-D5141DEB816B}
	EndGlobalSection
EndGlobal
